// !$*UTF8*$!
{
	archiveVersion = 1;
	classes = {
	};
	objectVersion = 56;
	objects = {

/* Begin PBXBuildFile section */
		0DB094A02B787428003ED051 /* AppDelegate.swift in Sources */ = {isa = PBXBuildFile; fileRef = 0DB0949F2B787428003ED051 /* AppDelegate.swift */; };
		0DB094A22B787428003ED051 /* SceneDelegate.swift in Sources */ = {isa = PBXBuildFile; fileRef = 0DB094A12B787428003ED051 /* SceneDelegate.swift */; };
		0DB094A42B787428003ED051 /* ViewController.swift in Sources */ = {isa = PBXBuildFile; fileRef = 0DB094A32B787428003ED051 /* ViewController.swift */; };
		0DB094A72B787428003ED051 /* Main.storyboard in Resources */ = {isa = PBXBuildFile; fileRef = 0DB094A52B787428003ED051 /* Main.storyboard */; };
		0DB094A92B787429003ED051 /* Assets.xcassets in Resources */ = {isa = PBXBuildFile; fileRef = 0DB094A82B787429003ED051 /* Assets.xcassets */; };
		0DB094AC2B787429003ED051 /* LaunchScreen.storyboard in Resources */ = {isa = PBXBuildFile; fileRef = 0DB094AA2B787429003ED051 /* LaunchScreen.storyboard */; };
		0DB094B72B787429003ED051 /* KIdsStoryAppTests.swift in Sources */ = {isa = PBXBuildFile; fileRef = 0DB094B62B787429003ED051 /* KIdsStoryAppTests.swift */; };
		0DB094C12B787429003ED051 /* KIdsStoryAppUITests.swift in Sources */ = {isa = PBXBuildFile; fileRef = 0DB094C02B787429003ED051 /* KIdsStoryAppUITests.swift */; };
		0DB094C32B787429003ED051 /* KIdsStoryAppUITestsLaunchTests.swift in Sources */ = {isa = PBXBuildFile; fileRef = 0DB094C22B787429003ED051 /* KIdsStoryAppUITestsLaunchTests.swift */; };
		0DB2C3592B79788D00B22CD3 /* Level1VC.swift in Sources */ = {isa = PBXBuildFile; fileRef = 0DB2C3582B79788D00B22CD3 /* Level1VC.swift */; };
		0DB2C35B2B797B2600B22CD3 /* Level2VC.swift in Sources */ = {isa = PBXBuildFile; fileRef = 0DB2C35A2B797B2600B22CD3 /* Level2VC.swift */; };
		0DB2C35D2B7986A400B22CD3 /* L1S1P1.swift in Sources */ = {isa = PBXBuildFile; fileRef = 0DB2C35C2B7986A400B22CD3 /* L1S1P1.swift */; };
		0DB2C35F2B79892000B22CD3 /* L1S1P2.swift in Sources */ = {isa = PBXBuildFile; fileRef = 0DB2C35E2B79892000B22CD3 /* L1S1P2.swift */; };
		0DB2C3612B79940700B22CD3 /* L1S2P1.swift in Sources */ = {isa = PBXBuildFile; fileRef = 0DB2C3602B79940700B22CD3 /* L1S2P1.swift */; };
		0DB2C3632B79948400B22CD3 /* L2S1P1.swift in Sources */ = {isa = PBXBuildFile; fileRef = 0DB2C3622B79948400B22CD3 /* L2S1P1.swift */; };
		0DB2C3652B7996D000B22CD3 /* AppInfoVC.swift in Sources */ = {isa = PBXBuildFile; fileRef = 0DB2C3642B7996D000B22CD3 /* AppInfoVC.swift */; };
		0DEC91422B79DBE800CCD4DD /* L2S1P2.swift in Sources */ = {isa = PBXBuildFile; fileRef = 0DEC91412B79DBE800CCD4DD /* L2S1P2.swift */; };
/* End PBXBuildFile section */

/* Begin PBXContainerItemProxy section */
		0DB094B32B787429003ED051 /* PBXContainerItemProxy */ = {
			isa = PBXContainerItemProxy;
			containerPortal = 0DB094942B787428003ED051 /* Project object */;
			proxyType = 1;
			remoteGlobalIDString = 0DB0949B2B787428003ED051;
			remoteInfo = KIdsStoryApp;
		};
		0DB094BD2B787429003ED051 /* PBXContainerItemProxy */ = {
			isa = PBXContainerItemProxy;
			containerPortal = 0DB094942B787428003ED051 /* Project object */;
			proxyType = 1;
			remoteGlobalIDString = 0DB0949B2B787428003ED051;
			remoteInfo = KIdsStoryApp;
		};
/* End PBXContainerItemProxy section */

/* Begin PBXFileReference section */
		0DB0949C2B787428003ED051 /* KIdsStoryApp.app */ = {isa = PBXFileReference; explicitFileType = wrapper.application; includeInIndex = 0; path = KIdsStoryApp.app; sourceTree = BUILT_PRODUCTS_DIR; };
		0DB0949F2B787428003ED051 /* AppDelegate.swift */ = {isa = PBXFileReference; lastKnownFileType = sourcecode.swift; path = AppDelegate.swift; sourceTree = "<group>"; };
		0DB094A12B787428003ED051 /* SceneDelegate.swift */ = {isa = PBXFileReference; lastKnownFileType = sourcecode.swift; path = SceneDelegate.swift; sourceTree = "<group>"; };
		0DB094A32B787428003ED051 /* ViewController.swift */ = {isa = PBXFileReference; lastKnownFileType = sourcecode.swift; path = ViewController.swift; sourceTree = "<group>"; };
		0DB094A62B787428003ED051 /* Base */ = {isa = PBXFileReference; lastKnownFileType = file.storyboard; name = Base; path = Base.lproj/Main.storyboard; sourceTree = "<group>"; };
		0DB094A82B787429003ED051 /* Assets.xcassets */ = {isa = PBXFileReference; lastKnownFileType = folder.assetcatalog; path = Assets.xcassets; sourceTree = "<group>"; };
		0DB094AB2B787429003ED051 /* Base */ = {isa = PBXFileReference; lastKnownFileType = file.storyboard; name = Base; path = Base.lproj/LaunchScreen.storyboard; sourceTree = "<group>"; };
		0DB094AD2B787429003ED051 /* Info.plist */ = {isa = PBXFileReference; lastKnownFileType = text.plist.xml; path = Info.plist; sourceTree = "<group>"; };
		0DB094B22B787429003ED051 /* KIdsStoryAppTests.xctest */ = {isa = PBXFileReference; explicitFileType = wrapper.cfbundle; includeInIndex = 0; path = KIdsStoryAppTests.xctest; sourceTree = BUILT_PRODUCTS_DIR; };
		0DB094B62B787429003ED051 /* KIdsStoryAppTests.swift */ = {isa = PBXFileReference; lastKnownFileType = sourcecode.swift; path = KIdsStoryAppTests.swift; sourceTree = "<group>"; };
		0DB094BC2B787429003ED051 /* KIdsStoryAppUITests.xctest */ = {isa = PBXFileReference; explicitFileType = wrapper.cfbundle; includeInIndex = 0; path = KIdsStoryAppUITests.xctest; sourceTree = BUILT_PRODUCTS_DIR; };
		0DB094C02B787429003ED051 /* KIdsStoryAppUITests.swift */ = {isa = PBXFileReference; lastKnownFileType = sourcecode.swift; path = KIdsStoryAppUITests.swift; sourceTree = "<group>"; };
		0DB094C22B787429003ED051 /* KIdsStoryAppUITestsLaunchTests.swift */ = {isa = PBXFileReference; lastKnownFileType = sourcecode.swift; path = KIdsStoryAppUITestsLaunchTests.swift; sourceTree = "<group>"; };
		0DB2C3582B79788D00B22CD3 /* Level1VC.swift */ = {isa = PBXFileReference; lastKnownFileType = sourcecode.swift; path = Level1VC.swift; sourceTree = "<group>"; };
		0DB2C35A2B797B2600B22CD3 /* Level2VC.swift */ = {isa = PBXFileReference; lastKnownFileType = sourcecode.swift; path = Level2VC.swift; sourceTree = "<group>"; };
		0DB2C35C2B7986A400B22CD3 /* L1S1P1.swift */ = {isa = PBXFileReference; lastKnownFileType = sourcecode.swift; path = L1S1P1.swift; sourceTree = "<group>"; };
		0DB2C35E2B79892000B22CD3 /* L1S1P2.swift */ = {isa = PBXFileReference; lastKnownFileType = sourcecode.swift; path = L1S1P2.swift; sourceTree = "<group>"; };
		0DB2C3602B79940700B22CD3 /* L1S2P1.swift */ = {isa = PBXFileReference; lastKnownFileType = sourcecode.swift; path = L1S2P1.swift; sourceTree = "<group>"; };
		0DB2C3622B79948400B22CD3 /* L2S1P1.swift */ = {isa = PBXFileReference; lastKnownFileType = sourcecode.swift; path = L2S1P1.swift; sourceTree = "<group>"; };
		0DB2C3642B7996D000B22CD3 /* AppInfoVC.swift */ = {isa = PBXFileReference; lastKnownFileType = sourcecode.swift; path = AppInfoVC.swift; sourceTree = "<group>"; };
		0DEC91412B79DBE800CCD4DD /* L2S1P2.swift */ = {isa = PBXFileReference; lastKnownFileType = sourcecode.swift; path = L2S1P2.swift; sourceTree = "<group>"; };
/* End PBXFileReference section */

/* Begin PBXFrameworksBuildPhase section */
		0DB094992B787428003ED051 /* Frameworks */ = {
			isa = PBXFrameworksBuildPhase;
			buildActionMask = 2147483647;
			files = (
			);
			runOnlyForDeploymentPostprocessing = 0;
		};
		0DB094AF2B787429003ED051 /* Frameworks */ = {
			isa = PBXFrameworksBuildPhase;
			buildActionMask = 2147483647;
			files = (
			);
			runOnlyForDeploymentPostprocessing = 0;
		};
		0DB094B92B787429003ED051 /* Frameworks */ = {
			isa = PBXFrameworksBuildPhase;
			buildActionMask = 2147483647;
			files = (
			);
			runOnlyForDeploymentPostprocessing = 0;
		};
/* End PBXFrameworksBuildPhase section */

/* Begin PBXGroup section */
		0DB094932B787428003ED051 = {
			isa = PBXGroup;
			children = (
				0DB0949E2B787428003ED051 /* KIdsStoryApp */,
				0DB094B52B787429003ED051 /* KIdsStoryAppTests */,
				0DB094BF2B787429003ED051 /* KIdsStoryAppUITests */,
				0DB0949D2B787428003ED051 /* Products */,
			);
			sourceTree = "<group>";
		};
		0DB0949D2B787428003ED051 /* Products */ = {
			isa = PBXGroup;
			children = (
				0DB0949C2B787428003ED051 /* KIdsStoryApp.app */,
				0DB094B22B787429003ED051 /* KIdsStoryAppTests.xctest */,
				0DB094BC2B787429003ED051 /* KIdsStoryAppUITests.xctest */,
			);
			name = Products;
			sourceTree = "<group>";
		};
		0DB0949E2B787428003ED051 /* KIdsStoryApp */ = {
			isa = PBXGroup;
			children = (
				0DB0949F2B787428003ED051 /* AppDelegate.swift */,
				0DB094A12B787428003ED051 /* SceneDelegate.swift */,
				0DB094A32B787428003ED051 /* ViewController.swift */,
				0DB2C3642B7996D000B22CD3 /* AppInfoVC.swift */,
				0DB2C3582B79788D00B22CD3 /* Level1VC.swift */,
				0DB2C35C2B7986A400B22CD3 /* L1S1P1.swift */,
				0DB2C35E2B79892000B22CD3 /* L1S1P2.swift */,
				0DB2C3602B79940700B22CD3 /* L1S2P1.swift */,
				0DB2C35A2B797B2600B22CD3 /* Level2VC.swift */,
				0DB2C3622B79948400B22CD3 /* L2S1P1.swift */,
				0DEC91412B79DBE800CCD4DD /* L2S1P2.swift */,
				0DB094A52B787428003ED051 /* Main.storyboard */,
				0DB094A82B787429003ED051 /* Assets.xcassets */,
				0DB094AA2B787429003ED051 /* LaunchScreen.storyboard */,
				0DB094AD2B787429003ED051 /* Info.plist */,
			);
			path = KIdsStoryApp;
			sourceTree = "<group>";
		};
		0DB094B52B787429003ED051 /* KIdsStoryAppTests */ = {
			isa = PBXGroup;
			children = (
				0DB094B62B787429003ED051 /* KIdsStoryAppTests.swift */,
			);
			path = KIdsStoryAppTests;
			sourceTree = "<group>";
		};
		0DB094BF2B787429003ED051 /* KIdsStoryAppUITests */ = {
			isa = PBXGroup;
			children = (
				0DB094C02B787429003ED051 /* KIdsStoryAppUITests.swift */,
				0DB094C22B787429003ED051 /* KIdsStoryAppUITestsLaunchTests.swift */,
			);
			path = KIdsStoryAppUITests;
			sourceTree = "<group>";
		};
/* End PBXGroup section */

/* Begin PBXNativeTarget section */
		0DB0949B2B787428003ED051 /* KIdsStoryApp */ = {
			isa = PBXNativeTarget;
			buildConfigurationList = 0DB094C62B787429003ED051 /* Build configuration list for PBXNativeTarget "KIdsStoryApp" */;
			buildPhases = (
				0DB094982B787428003ED051 /* Sources */,
				0DB094992B787428003ED051 /* Frameworks */,
				0DB0949A2B787428003ED051 /* Resources */,
			);
			buildRules = (
			);
			dependencies = (
			);
			name = KIdsStoryApp;
			productName = KIdsStoryApp;
			productReference = 0DB0949C2B787428003ED051 /* KIdsStoryApp.app */;
			productType = "com.apple.product-type.application";
		};
		0DB094B12B787429003ED051 /* KIdsStoryAppTests */ = {
			isa = PBXNativeTarget;
			buildConfigurationList = 0DB094C92B787429003ED051 /* Build configuration list for PBXNativeTarget "KIdsStoryAppTests" */;
			buildPhases = (
				0DB094AE2B787429003ED051 /* Sources */,
				0DB094AF2B787429003ED051 /* Frameworks */,
				0DB094B02B787429003ED051 /* Resources */,
			);
			buildRules = (
			);
			dependencies = (
				0DB094B42B787429003ED051 /* PBXTargetDependency */,
			);
			name = KIdsStoryAppTests;
			productName = KIdsStoryAppTests;
			productReference = 0DB094B22B787429003ED051 /* KIdsStoryAppTests.xctest */;
			productType = "com.apple.product-type.bundle.unit-test";
		};
		0DB094BB2B787429003ED051 /* KIdsStoryAppUITests */ = {
			isa = PBXNativeTarget;
			buildConfigurationList = 0DB094CC2B787429003ED051 /* Build configuration list for PBXNativeTarget "KIdsStoryAppUITests" */;
			buildPhases = (
				0DB094B82B787429003ED051 /* Sources */,
				0DB094B92B787429003ED051 /* Frameworks */,
				0DB094BA2B787429003ED051 /* Resources */,
			);
			buildRules = (
			);
			dependencies = (
				0DB094BE2B787429003ED051 /* PBXTargetDependency */,
			);
			name = KIdsStoryAppUITests;
			productName = KIdsStoryAppUITests;
			productReference = 0DB094BC2B787429003ED051 /* KIdsStoryAppUITests.xctest */;
			productType = "com.apple.product-type.bundle.ui-testing";
		};
/* End PBXNativeTarget section */

/* Begin PBXProject section */
		0DB094942B787428003ED051 /* Project object */ = {
			isa = PBXProject;
			attributes = {
				BuildIndependentTargetsInParallel = 1;
				LastSwiftUpdateCheck = 1420;
				LastUpgradeCheck = 1420;
				TargetAttributes = {
					0DB0949B2B787428003ED051 = {
						CreatedOnToolsVersion = 14.2;
					};
					0DB094B12B787429003ED051 = {
						CreatedOnToolsVersion = 14.2;
						TestTargetID = 0DB0949B2B787428003ED051;
					};
					0DB094BB2B787429003ED051 = {
						CreatedOnToolsVersion = 14.2;
						TestTargetID = 0DB0949B2B787428003ED051;
					};
				};
			};
			buildConfigurationList = 0DB094972B787428003ED051 /* Build configuration list for PBXProject "KIdsStoryApp" */;
			compatibilityVersion = "Xcode 14.0";
			developmentRegion = en;
			hasScannedForEncodings = 0;
			knownRegions = (
				en,
				Base,
			);
			mainGroup = 0DB094932B787428003ED051;
			productRefGroup = 0DB0949D2B787428003ED051 /* Products */;
			projectDirPath = "";
			projectRoot = "";
			targets = (
				0DB0949B2B787428003ED051 /* KIdsStoryApp */,
				0DB094B12B787429003ED051 /* KIdsStoryAppTests */,
				0DB094BB2B787429003ED051 /* KIdsStoryAppUITests */,
			);
		};
/* End PBXProject section */

/* Begin PBXResourcesBuildPhase section */
		0DB0949A2B787428003ED051 /* Resources */ = {
			isa = PBXResourcesBuildPhase;
			buildActionMask = 2147483647;
			files = (
				0DB094AC2B787429003ED051 /* LaunchScreen.storyboard in Resources */,
				0DB094A92B787429003ED051 /* Assets.xcassets in Resources */,
				0DB094A72B787428003ED051 /* Main.storyboard in Resources */,
			);
			runOnlyForDeploymentPostprocessing = 0;
		};
		0DB094B02B787429003ED051 /* Resources */ = {
			isa = PBXResourcesBuildPhase;
			buildActionMask = 2147483647;
			files = (
			);
			runOnlyForDeploymentPostprocessing = 0;
		};
		0DB094BA2B787429003ED051 /* Resources */ = {
			isa = PBXResourcesBuildPhase;
			buildActionMask = 2147483647;
			files = (
			);
			runOnlyForDeploymentPostprocessing = 0;
		};
/* End PBXResourcesBuildPhase section */

/* Begin PBXSourcesBuildPhase section */
		0DB094982B787428003ED051 /* Sources */ = {
			isa = PBXSourcesBuildPhase;
			buildActionMask = 2147483647;
			files = (
				0DB2C3652B7996D000B22CD3 /* AppInfoVC.swift in Sources */,
				0DEC91422B79DBE800CCD4DD /* L2S1P2.swift in Sources */,
				0DB2C35F2B79892000B22CD3 /* L1S1P2.swift in Sources */,
				0DB2C3632B79948400B22CD3 /* L2S1P1.swift in Sources */,
				0DB2C35B2B797B2600B22CD3 /* Level2VC.swift in Sources */,
				0DB094A42B787428003ED051 /* ViewController.swift in Sources */,
				0DB094A02B787428003ED051 /* AppDelegate.swift in Sources */,
				0DB094A22B787428003ED051 /* SceneDelegate.swift in Sources */,
				0DB2C35D2B7986A400B22CD3 /* L1S1P1.swift in Sources */,
				0DB2C3592B79788D00B22CD3 /* Level1VC.swift in Sources */,
				0DB2C3612B79940700B22CD3 /* L1S2P1.swift in Sources */,
			);
			runOnlyForDeploymentPostprocessing = 0;
		};
		0DB094AE2B787429003ED051 /* Sources */ = {
			isa = PBXSourcesBuildPhase;
			buildActionMask = 2147483647;
			files = (
				0DB094B72B787429003ED051 /* KIdsStoryAppTests.swift in Sources */,
			);
			runOnlyForDeploymentPostprocessing = 0;
		};
		0DB094B82B787429003ED051 /* Sources */ = {
			isa = PBXSourcesBuildPhase;
			buildActionMask = 2147483647;
			files = (
				0DB094C12B787429003ED051 /* KIdsStoryAppUITests.swift in Sources */,
				0DB094C32B787429003ED051 /* KIdsStoryAppUITestsLaunchTests.swift in Sources */,
			);
			runOnlyForDeploymentPostprocessing = 0;
		};
/* End PBXSourcesBuildPhase section */

/* Begin PBXTargetDependency section */
		0DB094B42B787429003ED051 /* PBXTargetDependency */ = {
			isa = PBXTargetDependency;
			target = 0DB0949B2B787428003ED051 /* KIdsStoryApp */;
			targetProxy = 0DB094B32B787429003ED051 /* PBXContainerItemProxy */;
		};
		0DB094BE2B787429003ED051 /* PBXTargetDependency */ = {
			isa = PBXTargetDependency;
			target = 0DB0949B2B787428003ED051 /* KIdsStoryApp */;
			targetProxy = 0DB094BD2B787429003ED051 /* PBXContainerItemProxy */;
		};
/* End PBXTargetDependency section */

/* Begin PBXVariantGroup section */
		0DB094A52B787428003ED051 /* Main.storyboard */ = {
			isa = PBXVariantGroup;
			children = (
				0DB094A62B787428003ED051 /* Base */,
			);
			name = Main.storyboard;
			sourceTree = "<group>";
		};
		0DB094AA2B787429003ED051 /* LaunchScreen.storyboard */ = {
			isa = PBXVariantGroup;
			children = (
				0DB094AB2B787429003ED051 /* Base */,
			);
			name = LaunchScreen.storyboard;
			sourceTree = "<group>";
		};
/* End PBXVariantGroup section */

/* Begin XCBuildConfiguration section */
		0DB094C42B787429003ED051 /* Debug */ = {
			isa = XCBuildConfiguration;
			buildSettings = {
				ALWAYS_SEARCH_USER_PATHS = NO;
				CLANG_ANALYZER_NONNULL = YES;
				CLANG_ANALYZER_NUMBER_OBJECT_CONVERSION = YES_AGGRESSIVE;
				CLANG_CXX_LANGUAGE_STANDARD = "gnu++20";
				CLANG_ENABLE_MODULES = YES;
				CLANG_ENABLE_OBJC_ARC = YES;
				CLANG_ENABLE_OBJC_WEAK = YES;
				CLANG_WARN_BLOCK_CAPTURE_AUTORELEASING = YES;
				CLANG_WARN_BOOL_CONVERSION = YES;
				CLANG_WARN_COMMA = YES;
				CLANG_WARN_CONSTANT_CONVERSION = YES;
				CLANG_WARN_DEPRECATED_OBJC_IMPLEMENTATIONS = YES;
				CLANG_WARN_DIRECT_OBJC_ISA_USAGE = YES_ERROR;
				CLANG_WARN_DOCUMENTATION_COMMENTS = YES;
				CLANG_WARN_EMPTY_BODY = YES;
				CLANG_WARN_ENUM_CONVERSION = YES;
				CLANG_WARN_INFINITE_RECURSION = YES;
				CLANG_WARN_INT_CONVERSION = YES;
				CLANG_WARN_NON_LITERAL_NULL_CONVERSION = YES;
				CLANG_WARN_OBJC_IMPLICIT_RETAIN_SELF = YES;
				CLANG_WARN_OBJC_LITERAL_CONVERSION = YES;
				CLANG_WARN_OBJC_ROOT_CLASS = YES_ERROR;
				CLANG_WARN_QUOTED_INCLUDE_IN_FRAMEWORK_HEADER = YES;
				CLANG_WARN_RANGE_LOOP_ANALYSIS = YES;
				CLANG_WARN_STRICT_PROTOTYPES = YES;
				CLANG_WARN_SUSPICIOUS_MOVE = YES;
				CLANG_WARN_UNGUARDED_AVAILABILITY = YES_AGGRESSIVE;
				CLANG_WARN_UNREACHABLE_CODE = YES;
				CLANG_WARN__DUPLICATE_METHOD_MATCH = YES;
				COPY_PHASE_STRIP = NO;
				DEBUG_INFORMATION_FORMAT = dwarf;
				ENABLE_STRICT_OBJC_MSGSEND = YES;
				ENABLE_TESTABILITY = YES;
				GCC_C_LANGUAGE_STANDARD = gnu11;
				GCC_DYNAMIC_NO_PIC = NO;
				GCC_NO_COMMON_BLOCKS = YES;
				GCC_OPTIMIZATION_LEVEL = 0;
				GCC_PREPROCESSOR_DEFINITIONS = (
					"DEBUG=1",
					"$(inherited)",
				);
				GCC_WARN_64_TO_32_BIT_CONVERSION = YES;
				GCC_WARN_ABOUT_RETURN_TYPE = YES_ERROR;
				GCC_WARN_UNDECLARED_SELECTOR = YES;
				GCC_WARN_UNINITIALIZED_AUTOS = YES_AGGRESSIVE;
				GCC_WARN_UNUSED_FUNCTION = YES;
				GCC_WARN_UNUSED_VARIABLE = YES;
				IPHONEOS_DEPLOYMENT_TARGET = 16.2;
				MTL_ENABLE_DEBUG_INFO = INCLUDE_SOURCE;
				MTL_FAST_MATH = YES;
				ONLY_ACTIVE_ARCH = YES;
				SDKROOT = iphoneos;
				SWIFT_ACTIVE_COMPILATION_CONDITIONS = DEBUG;
				SWIFT_OPTIMIZATION_LEVEL = "-Onone";
			};
			name = Debug;
		};
		0DB094C52B787429003ED051 /* Release */ = {
			isa = XCBuildConfiguration;
			buildSettings = {
				ALWAYS_SEARCH_USER_PATHS = NO;
				CLANG_ANALYZER_NONNULL = YES;
				CLANG_ANALYZER_NUMBER_OBJECT_CONVERSION = YES_AGGRESSIVE;
				CLANG_CXX_LANGUAGE_STANDARD = "gnu++20";
				CLANG_ENABLE_MODULES = YES;
				CLANG_ENABLE_OBJC_ARC = YES;
				CLANG_ENABLE_OBJC_WEAK = YES;
				CLANG_WARN_BLOCK_CAPTURE_AUTORELEASING = YES;
				CLANG_WARN_BOOL_CONVERSION = YES;
				CLANG_WARN_COMMA = YES;
				CLANG_WARN_CONSTANT_CONVERSION = YES;
				CLANG_WARN_DEPRECATED_OBJC_IMPLEMENTATIONS = YES;
				CLANG_WARN_DIRECT_OBJC_ISA_USAGE = YES_ERROR;
				CLANG_WARN_DOCUMENTATION_COMMENTS = YES;
				CLANG_WARN_EMPTY_BODY = YES;
				CLANG_WARN_ENUM_CONVERSION = YES;
				CLANG_WARN_INFINITE_RECURSION = YES;
				CLANG_WARN_INT_CONVERSION = YES;
				CLANG_WARN_NON_LITERAL_NULL_CONVERSION = YES;
				CLANG_WARN_OBJC_IMPLICIT_RETAIN_SELF = YES;
				CLANG_WARN_OBJC_LITERAL_CONVERSION = YES;
				CLANG_WARN_OBJC_ROOT_CLASS = YES_ERROR;
				CLANG_WARN_QUOTED_INCLUDE_IN_FRAMEWORK_HEADER = YES;
				CLANG_WARN_RANGE_LOOP_ANALYSIS = YES;
				CLANG_WARN_STRICT_PROTOTYPES = YES;
				CLANG_WARN_SUSPICIOUS_MOVE = YES;
				CLANG_WARN_UNGUARDED_AVAILABILITY = YES_AGGRESSIVE;
				CLANG_WARN_UNREACHABLE_CODE = YES;
				CLANG_WARN__DUPLICATE_METHOD_MATCH = YES;
				COPY_PHASE_STRIP = NO;
				DEBUG_INFORMATION_FORMAT = "dwarf-with-dsym";
				ENABLE_NS_ASSERTIONS = NO;
				ENABLE_STRICT_OBJC_MSGSEND = YES;
				GCC_C_LANGUAGE_STANDARD = gnu11;
				GCC_NO_COMMON_BLOCKS = YES;
				GCC_WARN_64_TO_32_BIT_CONVERSION = YES;
				GCC_WARN_ABOUT_RETURN_TYPE = YES_ERROR;
				GCC_WARN_UNDECLARED_SELECTOR = YES;
				GCC_WARN_UNINITIALIZED_AUTOS = YES_AGGRESSIVE;
				GCC_WARN_UNUSED_FUNCTION = YES;
				GCC_WARN_UNUSED_VARIABLE = YES;
				IPHONEOS_DEPLOYMENT_TARGET = 16.2;
				MTL_ENABLE_DEBUG_INFO = NO;
				MTL_FAST_MATH = YES;
				SDKROOT = iphoneos;
				SWIFT_COMPILATION_MODE = wholemodule;
				SWIFT_OPTIMIZATION_LEVEL = "-O";
				VALIDATE_PRODUCT = YES;
			};
			name = Release;
		};
		0DB094C72B787429003ED051 /* Debug */ = {
			isa = XCBuildConfiguration;
			buildSettings = {
				ASSETCATALOG_COMPILER_APPICON_NAME = AppIcon;
				ASSETCATALOG_COMPILER_GLOBAL_ACCENT_COLOR_NAME = AccentColor;
				CODE_SIGN_STYLE = Automatic;
				CURRENT_PROJECT_VERSION = 1;
				GENERATE_INFOPLIST_FILE = YES;
				INFOPLIST_FILE = KIdsStoryApp/Info.plist;
				INFOPLIST_KEY_UIApplicationSupportsIndirectInputEvents = YES;
				INFOPLIST_KEY_UILaunchStoryboardName = LaunchScreen;
				INFOPLIST_KEY_UIMainStoryboardFile = Main;
				INFOPLIST_KEY_UISupportedInterfaceOrientations_iPad = "UIInterfaceOrientationPortrait UIInterfaceOrientationPortraitUpsideDown UIInterfaceOrientationLandscapeLeft UIInterfaceOrientationLandscapeRight";
				INFOPLIST_KEY_UISupportedInterfaceOrientations_iPhone = "UIInterfaceOrientationPortrait UIInterfaceOrientationLandscapeLeft UIInterfaceOrientationLandscapeRight";
				LD_RUNPATH_SEARCH_PATHS = (
					"$(inherited)",
					"@executable_path/Frameworks",
				);
				MARKETING_VERSION = 1.0;
				PRODUCT_BUNDLE_IDENTIFIER = cc.KIdsStoryApp;
				PRODUCT_NAME = "$(TARGET_NAME)";
				SWIFT_EMIT_LOC_STRINGS = YES;
				SWIFT_VERSION = 5.0;
				TARGETED_DEVICE_FAMILY = "1,2";
			};
			name = Debug;
		};
		0DB094C82B787429003ED051 /* Release */ = {
			isa = XCBuildConfiguration;
			buildSettings = {
				ASSETCATALOG_COMPILER_APPICON_NAME = AppIcon;
				ASSETCATALOG_COMPILER_GLOBAL_ACCENT_COLOR_NAME = AccentColor;
				CODE_SIGN_STYLE = Automatic;
				CURRENT_PROJECT_VERSION = 1;
				GENERATE_INFOPLIST_FILE = YES;
				INFOPLIST_FILE = KIdsStoryApp/Info.plist;
				INFOPLIST_KEY_UIApplicationSupportsIndirectInputEvents = YES;
				INFOPLIST_KEY_UILaunchStoryboardName = LaunchScreen;
				INFOPLIST_KEY_UIMainStoryboardFile = Main;
				INFOPLIST_KEY_UISupportedInterfaceOrientations_iPad = "UIInterfaceOrientationPortrait UIInterfaceOrientationPortraitUpsideDown UIInterfaceOrientationLandscapeLeft UIInterfaceOrientationLandscapeRight";
				INFOPLIST_KEY_UISupportedInterfaceOrientations_iPhone = "UIInterfaceOrientationPortrait UIInterfaceOrientationLandscapeLeft UIInterfaceOrientationLandscapeRight";
				LD_RUNPATH_SEARCH_PATHS = (
					"$(inherited)",
					"@executable_path/Frameworks",
				);
				MARKETING_VERSION = 1.0;
				PRODUCT_BUNDLE_IDENTIFIER = cc.KIdsStoryApp;
				PRODUCT_NAME = "$(TARGET_NAME)";
				SWIFT_EMIT_LOC_STRINGS = YES;
				SWIFT_VERSION = 5.0;
				TARGETED_DEVICE_FAMILY = "1,2";
			};
			name = Release;
		};
		0DB094CA2B787429003ED051 /* Debug */ = {
			isa = XCBuildConfiguration;
			buildSettings = {
				ALWAYS_EMBED_SWIFT_STANDARD_LIBRARIES = YES;
				BUNDLE_LOADER = "$(TEST_HOST)";
				CODE_SIGN_STYLE = Automatic;
				CURRENT_PROJECT_VERSION = 1;
				GENERATE_INFOPLIST_FILE = YES;
				IPHONEOS_DEPLOYMENT_TARGET = 16.2;
				MARKETING_VERSION = 1.0;
				PRODUCT_BUNDLE_IDENTIFIER = cc.KIdsStoryAppTests;
				PRODUCT_NAME = "$(TARGET_NAME)";
				SWIFT_EMIT_LOC_STRINGS = NO;
				SWIFT_VERSION = 5.0;
				TARGETED_DEVICE_FAMILY = "1,2";
				TEST_HOST = "$(BUILT_PRODUCTS_DIR)/KIdsStoryApp.app/$(BUNDLE_EXECUTABLE_FOLDER_PATH)/KIdsStoryApp";
			};
			name = Debug;
		};
		0DB094CB2B787429003ED051 /* Release */ = {
			isa = XCBuildConfiguration;
			buildSettings = {
				ALWAYS_EMBED_SWIFT_STANDARD_LIBRARIES = YES;
				BUNDLE_LOADER = "$(TEST_HOST)";
				CODE_SIGN_STYLE = Automatic;
				CURRENT_PROJECT_VERSION = 1;
				GENERATE_INFOPLIST_FILE = YES;
				IPHONEOS_DEPLOYMENT_TARGET = 16.2;
				MARKETING_VERSION = 1.0;
				PRODUCT_BUNDLE_IDENTIFIER = cc.KIdsStoryAppTests;
				PRODUCT_NAME = "$(TARGET_NAME)";
				SWIFT_EMIT_LOC_STRINGS = NO;
				SWIFT_VERSION = 5.0;
				TARGETED_DEVICE_FAMILY = "1,2";
				TEST_HOST = "$(BUILT_PRODUCTS_DIR)/KIdsStoryApp.app/$(BUNDLE_EXECUTABLE_FOLDER_PATH)/KIdsStoryApp";
			};
			name = Release;
		};
		0DB094CD2B787429003ED051 /* Debug */ = {
			isa = XCBuildConfiguration;
			buildSettings = {
				ALWAYS_EMBED_SWIFT_STANDARD_LIBRARIES = YES;
				CODE_SIGN_STYLE = Automatic;
				CURRENT_PROJECT_VERSION = 1;
				GENERATE_INFOPLIST_FILE = YES;
				MARKETING_VERSION = 1.0;
				PRODUCT_BUNDLE_IDENTIFIER = cc.KIdsStoryAppUITests;
				PRODUCT_NAME = "$(TARGET_NAME)";
				SWIFT_EMIT_LOC_STRINGS = NO;
				SWIFT_VERSION = 5.0;
				TARGETED_DEVICE_FAMILY = "1,2";
				TEST_TARGET_NAME = KIdsStoryApp;
			};
			name = Debug;
		};
		0DB094CE2B787429003ED051 /* Release */ = {
			isa = XCBuildConfiguration;
			buildSettings = {
				ALWAYS_EMBED_SWIFT_STANDARD_LIBRARIES = YES;
				CODE_SIGN_STYLE = Automatic;
				CURRENT_PROJECT_VERSION = 1;
				GENERATE_INFOPLIST_FILE = YES;
				MARKETING_VERSION = 1.0;
				PRODUCT_BUNDLE_IDENTIFIER = cc.KIdsStoryAppUITests;
				PRODUCT_NAME = "$(TARGET_NAME)";
				SWIFT_EMIT_LOC_STRINGS = NO;
				SWIFT_VERSION = 5.0;
				TARGETED_DEVICE_FAMILY = "1,2";
				TEST_TARGET_NAME = KIdsStoryApp;
			};
			name = Release;
		};
/* End XCBuildConfiguration section */

/* Begin XCConfigurationList section */
		0DB094972B787428003ED051 /* Build configuration list for PBXProject "KIdsStoryApp" */ = {
			isa = XCConfigurationList;
			buildConfigurations = (
				0DB094C42B787429003ED051 /* Debug */,
				0DB094C52B787429003ED051 /* Release */,
			);
			defaultConfigurationIsVisible = 0;
			defaultConfigurationName = Release;
		};
		0DB094C62B787429003ED051 /* Build configuration list for PBXNativeTarget "KIdsStoryApp" */ = {
			isa = XCConfigurationList;
			buildConfigurations = (
				0DB094C72B787429003ED051 /* Debug */,
				0DB094C82B787429003ED051 /* Release */,
			);
			defaultConfigurationIsVisible = 0;
			defaultConfigurationName = Release;
		};
		0DB094C92B787429003ED051 /* Build configuration list for PBXNativeTarget "KIdsStoryAppTests" */ = {
			isa = XCConfigurationList;
			buildConfigurations = (
				0DB094CA2B787429003ED051 /* Debug */,
				0DB094CB2B787429003ED051 /* Release */,
			);
			defaultConfigurationIsVisible = 0;
			defaultConfigurationName = Release;
		};
		0DB094CC2B787429003ED051 /* Build configuration list for PBXNativeTarget "KIdsStoryAppUITests" */ = {
			isa = XCConfigurationList;
			buildConfigurations = (
				0DB094CD2B787429003ED051 /* Debug */,
				0DB094CE2B787429003ED051 /* Release */,
			);
			defaultConfigurationIsVisible = 0;
			defaultConfigurationName = Release;
		};
/* End XCConfigurationList section */
	};
	rootObject = 0DB094942B787428003ED051 /* Project object */;
}
